
Microsoft Visual Studio Solution File, Format Version 12.00
# Visual Studio Version 16
VisualStudioVersion = 16.0.30523.141
MinimumVisualStudioVersion = 10.0.40219.1
Project("{FAE04EC0-301F-11D3-BF4B-00C04F79EFBC}") = "YESS", "YESS\YESS.csproj", "{68C099B5-DA4A-47D7-9010-CECA5869400A}"
EndProject
Project("{FAE04EC0-301F-11D3-BF4B-00C04F79EFBC}") = "YESS.BE", "YESS.BE\YESS.BE.csproj", "{792BF62F-B512-4A3B-911A-F8FDBD47E9A1}"
EndProject
Project("{FAE04EC0-301F-11D3-BF4B-00C04F79EFBC}") = "YESS.BL", "YESS.BL\YESS.BL.csproj", "{D1922FD2-3BF1-4A09-B4D3-D9A6183B03E7}"
EndProject
Project("{FAE04EC0-301F-11D3-BF4B-00C04F79EFBC}") = "YESS.DAL", "YESS.DAL\YESS.DAL.csproj", "{0D52FE0E-37B3-4E05-AC24-BBBEBA54B9D5}"
EndProject
Global
	GlobalSection(SolutionConfigurationPlatforms) = preSolution
		Debug|Any CPU = Debug|Any CPU
		Release|Any CPU = Release|Any CPU
	EndGlobalSection
	GlobalSection(ProjectConfigurationPlatforms) = postSolution
		{68C099B5-DA4A-47D7-9010-CECA5869400A}.Debug|Any CPU.ActiveCfg = Debug|Any CPU
		{68C099B5-DA4A-47D7-9010-CECA5869400A}.Debug|Any CPU.Build.0 = Debug|Any CPU
		{68C099B5-DA4A-47D7-9010-CECA5869400A}.Release|Any CPU.ActiveCfg = Release|Any CPU
		{68C099B5-DA4A-47D7-9010-CECA5869400A}.Release|Any CPU.Build.0 = Release|Any CPU
		{792BF62F-B512-4A3B-911A-F8FDBD47E9A1}.Debug|Any CPU.ActiveCfg = Debug|Any CPU
		{792BF62F-B512-4A3B-911A-F8FDBD47E9A1}.Debug|Any CPU.Build.0 = Debug|Any CPU
		{792BF62F-B512-4A3B-911A-F8FDBD47E9A1}.Release|Any CPU.ActiveCfg = Release|Any CPU
		{792BF62F-B512-4A3B-911A-F8FDBD47E9A1}.Release|Any CPU.Build.0 = Release|Any CPU
		{D1922FD2-3BF1-4A09-B4D3-D9A6183B03E7}.Debug|Any CPU.ActiveCfg = Debug|Any CPU
		{D1922FD2-3BF1-4A09-B4D3-D9A6183B03E7}.Debug|Any CPU.Build.0 = Debug|Any CPU
		{D1922FD2-3BF1-4A09-B4D3-D9A6183B03E7}.Release|Any CPU.ActiveCfg = Release|Any CPU
		{D1922FD2-3BF1-4A09-B4D3-D9A6183B03E7}.Release|Any CPU.Build.0 = Release|Any CPU
		{0D52FE0E-37B3-4E05-AC24-BBBEBA54B9D5}.Debug|Any CPU.ActiveCfg = Debug|Any CPU
		{0D52FE0E-37B3-4E05-AC24-BBBEBA54B9D5}.Debug|Any CPU.Build.0 = Debug|Any CPU
		{0D52FE0E-37B3-4E05-AC24-BBBEBA54B9D5}.Release|Any CPU.ActiveCfg = Release|Any CPU
		{0D52FE0E-37B3-4E05-AC24-BBBEBA54B9D5}.Release|Any CPU.Build.0 = Release|Any CPU
	EndGlobalSection
	GlobalSection(SolutionProperties) = preSolution
		HideSolutionNode = FALSE
	EndGlobalSection
	GlobalSection(ExtensibilityGlobals) = postSolution
		SolutionGuid = {4CBE96A6-10CD-465A-9A77-BC2B0DD2EB0D}
	EndGlobalSection
EndGlobal
